
Microsoft Visual Studio Solution File, Format Version 12.00
# Visual Studio Version 16
VisualStudioVersion = 16.0.30413.136
MinimumVisualStudioVersion = 10.0.40219.1
Project("{FAE04EC0-301F-11D3-BF4B-00C04F79EFBC}") = "eSolutionProject", "eSolutionProject\eSolutionProject.csproj", "{23BBF852-4CD5-4775-9AC8-CABE40FB2517}"
EndProject
Global
	GlobalSection(SolutionConfigurationPlatforms) = preSolution
		Debug|Any CPU = Debug|Any CPU
		Release|Any CPU = Release|Any CPU
	EndGlobalSection
	GlobalSection(ProjectConfigurationPlatforms) = postSolution
		{23BBF852-4CD5-4775-9AC8-CABE40FB2517}.Debug|Any CPU.ActiveCfg = Debug|Any CPU
		{23BBF852-4CD5-4775-9AC8-CABE40FB2517}.Debug|Any CPU.Build.0 = Debug|Any CPU
		{23BBF852-4CD5-4775-9AC8-CABE40FB2517}.Release|Any CPU.ActiveCfg = Release|Any CPU
		{23BBF852-4CD5-4775-9AC8-CABE40FB2517}.Release|Any CPU.Build.0 = Release|Any CPU
	EndGlobalSection
	GlobalSection(SolutionProperties) = preSolution
		HideSolutionNode = FALSE
	EndGlobalSection
	GlobalSection(ExtensibilityGlobals) = postSolution
		SolutionGuid = {2FB289EE-28C4-4C41-A578-94FCB0F678E7}
	EndGlobalSection
EndGlobal
